
Microsoft Visual Studio Solution File, Format Version 12.00
# Visual Studio Version 16
VisualStudioVersion = 16.0.33027.164
MinimumVisualStudioVersion = 10.0.40219.1
Project("{FAE04EC0-301F-11D3-BF4B-00C04F79EFBC}") = "Telefon Rehberi Uygulamsi", "Telefon Rehberi Uygulamsi\Telefon Rehberi Uygulamsi.csproj", "{D0C488BE-8A66-4766-BA30-7BAF199F8FAD}"
EndProject
Project("{FAE04EC0-301F-11D3-BF4B-00C04F79EFBC}") = "TelefonRehberi", "TelefonRehberi\TelefonRehberi.csproj", "{120FACA1-36C6-4172-AFB8-6E33AC4B3AA4}"
EndProject
Global
	GlobalSection(SolutionConfigurationPlatforms) = preSolution
		Debug|Any CPU = Debug|Any CPU
		Release|Any CPU = Release|Any CPU
	EndGlobalSection
	GlobalSection(ProjectConfigurationPlatforms) = postSolution
		{D0C488BE-8A66-4766-BA30-7BAF199F8FAD}.Debug|Any CPU.ActiveCfg = Debug|Any CPU
		{D0C488BE-8A66-4766-BA30-7BAF199F8FAD}.Debug|Any CPU.Build.0 = Debug|Any CPU
		{D0C488BE-8A66-4766-BA30-7BAF199F8FAD}.Release|Any CPU.ActiveCfg = Release|Any CPU
		{D0C488BE-8A66-4766-BA30-7BAF199F8FAD}.Release|Any CPU.Build.0 = Release|Any CPU
		{120FACA1-36C6-4172-AFB8-6E33AC4B3AA4}.Debug|Any CPU.ActiveCfg = Debug|Any CPU
		{120FACA1-36C6-4172-AFB8-6E33AC4B3AA4}.Debug|Any CPU.Build.0 = Debug|Any CPU
		{120FACA1-36C6-4172-AFB8-6E33AC4B3AA4}.Release|Any CPU.ActiveCfg = Release|Any CPU
		{120FACA1-36C6-4172-AFB8-6E33AC4B3AA4}.Release|Any CPU.Build.0 = Release|Any CPU
	EndGlobalSection
	GlobalSection(SolutionProperties) = preSolution
		HideSolutionNode = FALSE
	EndGlobalSection
	GlobalSection(ExtensibilityGlobals) = postSolution
		SolutionGuid = {AD6FFF02-3300-47EA-9A01-BB1FD0E6FDFA}
	EndGlobalSection
EndGlobal
